# THIS IS AN AUTOGENERATED FILE. DO NOT EDIT THIS FILE DIRECTLY.
# yarn lockfile v1


bl@~0.7.0:
  version "0.7.0"
  resolved "https://registry.yarnpkg.com/bl/-/bl-0.7.0.tgz#3fb0670602ac2878eb770dc2039f1836be62ae5b"
  dependencies:
    readable-stream "~1.0.2"

bluebird@^2.2.0:
  version "2.11.0"
  resolved "https://registry.yarnpkg.com/bluebird/-/bluebird-2.11.0.tgz#534b9033c022c9579c56ba3b3e5a5caafbb650e1"

core-util-is@~1.0.0:
  version "1.0.2"
  resolved "https://registry.yarnpkg.com/core-util-is/-/core-util-is-1.0.2.tgz#b5fd54220aa2bc5ab57aab7140c940754503c1a7"

inherits@~2.0.1:
  version "2.0.3"
  resolved "https://registry.yarnpkg.com/inherits/-/inherits-2.0.3.tgz#633c2c83e3da42a502f52466022480f4208261de"

isarray@0.0.1:
  version "0.0.1"
  resolved "https://registry.yarnpkg.com/isarray/-/isarray-0.0.1.tgz#8a18acfca9a8f4177e09abfc6038939b05d1eedf"

lodash._basebind@~2.4.1:
  version "2.4.1"
  resolved "https://registry.yarnpkg.com/lodash._basebind/-/lodash._basebind-2.4.1.tgz#e940b9ebdd27c327e0a8dab1b55916c5341e9575"
  dependencies:
    lodash._basecreate "~2.4.1"
    lodash._setbinddata "~2.4.1"
    lodash._slice "~2.4.1"
    lodash.isobject "~2.4.1"

lodash._basecreate@~2.4.1:
  version "2.4.1"
  resolved "https://registry.yarnpkg.com/lodash._basecreate/-/lodash._basecreate-2.4.1.tgz#f8e6f5b578a9e34e541179b56b8eeebf4a287e08"
  dependencies:
    lodash._isnative "~2.4.1"
    lodash.isobject "~2.4.1"
    lodash.noop "~2.4.1"

lodash._basecreatecallback@~2.4.1:
  version "2.4.1"
  resolved "https://registry.yarnpkg.com/lodash._basecreatecallback/-/lodash._basecreatecallback-2.4.1.tgz#7d0b267649cb29e7a139d0103b7c11fae84e4851"
  dependencies:
    lodash._setbinddata "~2.4.1"
    lodash.bind "~2.4.1"
    lodash.identity "~2.4.1"
    lodash.support "~2.4.1"

lodash._basecreatewrapper@~2.4.1:
  version "2.4.1"
  resolved "https://registry.yarnpkg.com/lodash._basecreatewrapper/-/lodash._basecreatewrapper-2.4.1.tgz#4d31f2e7de7e134fbf2803762b8150b32519666f"
  dependencies:
    lodash._basecreate "~2.4.1"
    lodash._setbinddata "~2.4.1"
    lodash._slice "~2.4.1"
    lodash.isobject "~2.4.1"

lodash._createwrapper@~2.4.1:
  version "2.4.1"
  resolved "https://registry.yarnpkg.com/lodash._createwrapper/-/lodash._createwrapper-2.4.1.tgz#51d6957973da4ed556e37290d8c1a18c53de1607"
  dependencies:
    lodash._basebind "~2.4.1"
    lodash._basecreatewrapper "~2.4.1"
    lodash._slice "~2.4.1"
    lodash.isfunction "~2.4.1"

lodash._isnative@~2.4.1:
  version "2.4.1"
  resolved "https://registry.yarnpkg.com/lodash._isnative/-/lodash._isnative-2.4.1.tgz#3ea6404b784a7be836c7b57580e1cdf79b14832c"

lodash._objecttypes@~2.4.1:
  version "2.4.1"
  resolved "https://registry.yarnpkg.com/lodash._objecttypes/-/lodash._objecttypes-2.4.1.tgz#7c0b7f69d98a1f76529f890b0cdb1b4dfec11c11"

lodash._setbinddata@~2.4.1:
  version "2.4.1"
  resolved "https://registry.yarnpkg.com/lodash._setbinddata/-/lodash._setbinddata-2.4.1.tgz#f7c200cd1b92ef236b399eecf73c648d17aa94d2"
  dependencies:
    lodash._isnative "~2.4.1"
    lodash.noop "~2.4.1"

lodash._shimkeys@~2.4.1:
  version "2.4.1"
  resolved "https://registry.yarnpkg.com/lodash._shimkeys/-/lodash._shimkeys-2.4.1.tgz#6e9cc9666ff081f0b5a6c978b83e242e6949d203"
  dependencies:
    lodash._objecttypes "~2.4.1"

lodash._slice@~2.4.1:
  version "2.4.1"
  resolved "https://registry.yarnpkg.com/lodash._slice/-/lodash._slice-2.4.1.tgz#745cf41a53597b18f688898544405efa2b06d90f"

lodash.assign@~2.4.1:
  version "2.4.1"
  resolved "https://registry.yarnpkg.com/lodash.assign/-/lodash.assign-2.4.1.tgz#84c39596dd71181a97b0652913a7c9675e49b1aa"
  dependencies:
    lodash._basecreatecallback "~2.4.1"
    lodash._objecttypes "~2.4.1"
    lodash.keys "~2.4.1"

lodash.bind@~2.4.1:
  version "2.4.1"
  resolved "https://registry.yarnpkg.com/lodash.bind/-/lodash.bind-2.4.1.tgz#5d19fa005c8c4d236faf4742c7b7a1fcabe29267"
  dependencies:
    lodash._createwrapper "~2.4.1"
    lodash._slice "~2.4.1"

lodash.defaults@~2.4.1:
  version "2.4.1"
  resolved "https://registry.yarnpkg.com/lodash.defaults/-/lodash.defaults-2.4.1.tgz#a7e8885f05e68851144b6e12a8f3678026bc4c54"
  dependencies:
    lodash._objecttypes "~2.4.1"
    lodash.keys "~2.4.1"

lodash.identity@~2.4.1:
  version "2.4.1"
  resolved "https://registry.yarnpkg.com/lodash.identity/-/lodash.identity-2.4.1.tgz#6694cffa65fef931f7c31ce86c74597cf560f4f1"

lodash.isfunction@~2.4.1:
  version "2.4.1"
  resolved "https://registry.yarnpkg.com/lodash.isfunction/-/lodash.isfunction-2.4.1.tgz#2cfd575c73e498ab57e319b77fa02adef13a94d1"

lodash.isobject@~2.4.1:
  version "2.4.1"
  resolved "https://registry.yarnpkg.com/lodash.isobject/-/lodash.isobject-2.4.1.tgz#5a2e47fe69953f1ee631a7eba1fe64d2d06558f5"
  dependencies:
    lodash._objecttypes "~2.4.1"

lodash.keys@~2.4.1:
  version "2.4.1"
  resolved "https://registry.yarnpkg.com/lodash.keys/-/lodash.keys-2.4.1.tgz#48dea46df8ff7632b10d706b8acb26591e2b3727"
  dependencies:
    lodash._isnative "~2.4.1"
    lodash._shimkeys "~2.4.1"
    lodash.isobject "~2.4.1"

lodash.noop@~2.4.1:
  version "2.4.1"
  resolved "https://registry.yarnpkg.com/lodash.noop/-/lodash.noop-2.4.1.tgz#4fb54f816652e5ae10e8f72f717a388c7326538a"

lodash.support@~2.4.1:
  version "2.4.1"
  resolved "https://registry.yarnpkg.com/lodash.support/-/lodash.support-2.4.1.tgz#320e0b67031673c28d7a2bb5d9e0331a45240515"
  dependencies:
    lodash._isnative "~2.4.1"

lodash@~2.4.1:
  version "2.4.2"
  resolved "https://registry.yarnpkg.com/lodash/-/lodash-2.4.2.tgz#fadd834b9683073da179b3eae6d9c0d15053f73e"

minimist@~0.0.1:
  version "0.0.10"
  resolved "https://registry.yarnpkg.com/minimist/-/minimist-0.0.10.tgz#de3f98543dbf96082be48ad1a0c7cda836301dcf"

optimist@~0.6.0:
  version "0.6.1"
  resolved "https://registry.yarnpkg.com/optimist/-/optimist-0.6.1.tgz#da3ea74686fa21a19a111c326e90eb15a0196686"
  dependencies:
    minimist "~0.0.1"
    wordwrap "~0.0.2"

questor@~1.0.0-alpha:
  version "1.0.1"
  resolved "https://registry.yarnpkg.com/questor/-/questor-1.0.1.tgz#b9b7ab0b597d663b3d3e9f191084cc1f4aab4fd5"
  dependencies:
    bl "~0.7.0"
    bluebird "^2.2.0"
    lodash.assign "~2.4.1"
    lodash.defaults "~2.4.1"

readable-stream@~1.0.2:
  version "1.0.34"
  resolved "https://registry.yarnpkg.com/readable-stream/-/readable-stream-1.0.34.tgz#125820e34bc842d2f2aaafafe4c2916ee32c157c"
  dependencies:
    core-util-is "~1.0.0"
    inherits "~2.0.1"
    isarray "0.0.1"
    string_decoder "~0.10.x"

string_decoder@~0.10.x:
  version "0.10.31"
  resolved "https://registry.yarnpkg.com/string_decoder/-/string_decoder-0.10.31.tgz#62e203bc41766c6c28c9fc84301dab1c5310fa94"

wordwrap@~0.0.2:
  version "0.0.3"
  resolved "https://registry.yarnpkg.com/wordwrap/-/wordwrap-0.0.3.tgz#a3d5da6cd5c0bc0008d37234bbaf1bed63059107"
